
Microsoft Visual Studio Solution File, Format Version 12.00
# Visual Studio 15
VisualStudioVersion = 15.0.26403.7
MinimumVisualStudioVersion = 10.0.40219.1
Project("{2150E333-8FDC-42A3-9474-1A3956D46DE8}") = "Solution Items", "Solution Items", "{0384552C-7234-43CB-AF10-5F34AC0CBD31}"
	ProjectSection(SolutionItems) = preProject
		.gitignore = .gitignore
		LICENSE.md = LICENSE.md
		README.md = README.md
	EndProjectSection
EndProject
Project("{2150E333-8FDC-42A3-9474-1A3956D46DE8}") = "src", "src", "{A300C2C9-EAD0-457C-935A-C4A36ABFFC8B}"
EndProject
Project("{2150E333-8FDC-42A3-9474-1A3956D46DE8}") = "Common", "Common", "{7781DB8A-6156-4949-AE6C-D688278112E8}"
EndProject
Project("{FAE04EC0-301F-11D3-BF4B-00C04F79EFBC}") = "Lykke.ApiAuth", "src\Lykke.ApiAuth\Lykke.ApiAuth.csproj", "{FC30CC70-0898-4B7B-B393-39960CA5EB6E}"
EndProject
Project("{FAE04EC0-301F-11D3-BF4B-00C04F79EFBC}") = "Lykke.ApiAuth.Azure", "src\Lykke.ApiAuth.Azure\Lykke.ApiAuth.Azure.csproj", "{C09807B4-A632-48EE-9F6A-8AE8591D3B65}"
EndProject
Project("{FAE04EC0-301F-11D3-BF4B-00C04F79EFBC}") = "Lykke.ApiAuth.Mvc", "src\Lykke.ApiAuth.Mvc\Lykke.ApiAuth.Mvc.csproj", "{FB88C1DE-66AF-4664-9ABB-CD75E7B3A684}"
EndProject
Project("{FAE04EC0-301F-11D3-BF4B-00C04F79EFBC}") = "Lykke.Extensions", "src\Lykke.Extensions\Lykke.Extensions.csproj", "{DC99C5BE-62D1-49E9-9C6A-7D532EED8E51}"
EndProject
Project("{9A19103F-16F7-4668-BE54-9A1E7A4F7556}") = "Lykke.Http", "src\Lykke.Http\Lykke.Http.csproj", "{88CDB485-5BF7-43EA-892C-A61FA8932A45}"
EndProject
Project("{2150E333-8FDC-42A3-9474-1A3956D46DE8}") = "test", "test", "{73085A00-D3BD-4B70-9BFA-D02D0CB6BAAE}"
EndProject
Project("{FAE04EC0-301F-11D3-BF4B-00C04F79EFBC}") = "Lykke.Assets.ExampleUsage", "test\Lykke.Assets.ExampleUsage\Lykke.Assets.ExampleUsage.csproj", "{172DA99D-7185-4D7F-824B-6FF836CCD514}"
EndProject
Project("{2150E333-8FDC-42A3-9474-1A3956D46DE8}") = "Template", "Template", "{53977C70-C598-400D-BE10-8691C72960BC}"
EndProject
Project("{FAE04EC0-301F-11D3-BF4B-00C04F79EFBC}") = "Lykke.Template", "src\Lykke.Template\Lykke.Template.csproj", "{354B6219-E7D2-442B-AE8F-6F32FA35F0AF}"
EndProject
Project("{FAE04EC0-301F-11D3-BF4B-00C04F79EFBC}") = "Lykke.Template.Vsix", "src\Lykke.Template.Vsix\Lykke.Template.Vsix.csproj", "{64B40C3E-73CD-4DF2-AD43-73CD7A397F30}"
EndProject
Project("{2150E333-8FDC-42A3-9474-1A3956D46DE8}") = "Sample", "Sample", "{7416E2CC-6C66-46DA-9C09-59D7FB6F0B54}"
EndProject
Project("{FAE04EC0-301F-11D3-BF4B-00C04F79EFBC}") = "Lykke.Sample", "src\Lykke.Sample\Lykke.Sample.csproj", "{14D64207-7DC6-4CAE-8192-8E19962D4545}"
EndProject
Project("{FAE04EC0-301F-11D3-BF4B-00C04F79EFBC}") = "Lykke.Sample.WebApi", "src\Lykke.Sample.WebApi\Lykke.Sample.WebApi.csproj", "{948187AB-0FB9-4620-B1E1-531998D279D4}"
EndProject
Project("{FAE04EC0-301F-11D3-BF4B-00C04F79EFBC}") = "Lykke.Sample.WebClient", "src\Lykke.Sample.WebClient\Lykke.Sample.WebClient.csproj", "{CBBFC174-CE5B-4C44-B49C-6E1345F3AFDD}"
EndProject
Project("{9A19103F-16F7-4668-BE54-9A1E7A4F7556}") = "Lykke.Sample.Azure", "src\Lykke.Sample.Azure\Lykke.Sample.Azure.csproj", "{2146567D-A884-45B2-821C-F7E200127A5E}"
EndProject
Global
	GlobalSection(SolutionConfigurationPlatforms) = preSolution
		Debug|Any CPU = Debug|Any CPU
		Release|Any CPU = Release|Any CPU
	EndGlobalSection
	GlobalSection(ProjectConfigurationPlatforms) = postSolution
		{FC30CC70-0898-4B7B-B393-39960CA5EB6E}.Debug|Any CPU.ActiveCfg = Debug|Any CPU
		{FC30CC70-0898-4B7B-B393-39960CA5EB6E}.Debug|Any CPU.Build.0 = Debug|Any CPU
		{FC30CC70-0898-4B7B-B393-39960CA5EB6E}.Release|Any CPU.ActiveCfg = Release|Any CPU
		{FC30CC70-0898-4B7B-B393-39960CA5EB6E}.Release|Any CPU.Build.0 = Release|Any CPU
		{C09807B4-A632-48EE-9F6A-8AE8591D3B65}.Debug|Any CPU.ActiveCfg = Debug|Any CPU
		{C09807B4-A632-48EE-9F6A-8AE8591D3B65}.Debug|Any CPU.Build.0 = Debug|Any CPU
		{C09807B4-A632-48EE-9F6A-8AE8591D3B65}.Release|Any CPU.ActiveCfg = Release|Any CPU
		{C09807B4-A632-48EE-9F6A-8AE8591D3B65}.Release|Any CPU.Build.0 = Release|Any CPU
		{FB88C1DE-66AF-4664-9ABB-CD75E7B3A684}.Debug|Any CPU.ActiveCfg = Debug|Any CPU
		{FB88C1DE-66AF-4664-9ABB-CD75E7B3A684}.Debug|Any CPU.Build.0 = Debug|Any CPU
		{FB88C1DE-66AF-4664-9ABB-CD75E7B3A684}.Release|Any CPU.ActiveCfg = Release|Any CPU
		{FB88C1DE-66AF-4664-9ABB-CD75E7B3A684}.Release|Any CPU.Build.0 = Release|Any CPU
		{DC99C5BE-62D1-49E9-9C6A-7D532EED8E51}.Debug|Any CPU.ActiveCfg = Debug|Any CPU
		{DC99C5BE-62D1-49E9-9C6A-7D532EED8E51}.Debug|Any CPU.Build.0 = Debug|Any CPU
		{DC99C5BE-62D1-49E9-9C6A-7D532EED8E51}.Release|Any CPU.ActiveCfg = Release|Any CPU
		{DC99C5BE-62D1-49E9-9C6A-7D532EED8E51}.Release|Any CPU.Build.0 = Release|Any CPU
		{88CDB485-5BF7-43EA-892C-A61FA8932A45}.Debug|Any CPU.ActiveCfg = Debug|Any CPU
		{88CDB485-5BF7-43EA-892C-A61FA8932A45}.Debug|Any CPU.Build.0 = Debug|Any CPU
		{88CDB485-5BF7-43EA-892C-A61FA8932A45}.Release|Any CPU.ActiveCfg = Release|Any CPU
		{88CDB485-5BF7-43EA-892C-A61FA8932A45}.Release|Any CPU.Build.0 = Release|Any CPU
		{172DA99D-7185-4D7F-824B-6FF836CCD514}.Debug|Any CPU.ActiveCfg = Debug|Any CPU
		{172DA99D-7185-4D7F-824B-6FF836CCD514}.Debug|Any CPU.Build.0 = Debug|Any CPU
		{172DA99D-7185-4D7F-824B-6FF836CCD514}.Release|Any CPU.ActiveCfg = Release|Any CPU
		{172DA99D-7185-4D7F-824B-6FF836CCD514}.Release|Any CPU.Build.0 = Release|Any CPU
		{354B6219-E7D2-442B-AE8F-6F32FA35F0AF}.Debug|Any CPU.ActiveCfg = Debug|Any CPU
		{354B6219-E7D2-442B-AE8F-6F32FA35F0AF}.Debug|Any CPU.Build.0 = Debug|Any CPU
		{354B6219-E7D2-442B-AE8F-6F32FA35F0AF}.Release|Any CPU.ActiveCfg = Release|Any CPU
		{354B6219-E7D2-442B-AE8F-6F32FA35F0AF}.Release|Any CPU.Build.0 = Release|Any CPU
		{64B40C3E-73CD-4DF2-AD43-73CD7A397F30}.Debug|Any CPU.ActiveCfg = Debug|Any CPU
		{64B40C3E-73CD-4DF2-AD43-73CD7A397F30}.Debug|Any CPU.Build.0 = Debug|Any CPU
		{64B40C3E-73CD-4DF2-AD43-73CD7A397F30}.Release|Any CPU.ActiveCfg = Release|Any CPU
		{64B40C3E-73CD-4DF2-AD43-73CD7A397F30}.Release|Any CPU.Build.0 = Release|Any CPU
		{14D64207-7DC6-4CAE-8192-8E19962D4545}.Debug|Any CPU.ActiveCfg = Debug|Any CPU
		{14D64207-7DC6-4CAE-8192-8E19962D4545}.Debug|Any CPU.Build.0 = Debug|Any CPU
		{14D64207-7DC6-4CAE-8192-8E19962D4545}.Release|Any CPU.ActiveCfg = Release|Any CPU
		{14D64207-7DC6-4CAE-8192-8E19962D4545}.Release|Any CPU.Build.0 = Release|Any CPU
		{948187AB-0FB9-4620-B1E1-531998D279D4}.Debug|Any CPU.ActiveCfg = Debug|Any CPU
		{948187AB-0FB9-4620-B1E1-531998D279D4}.Debug|Any CPU.Build.0 = Debug|Any CPU
		{948187AB-0FB9-4620-B1E1-531998D279D4}.Release|Any CPU.ActiveCfg = Release|Any CPU
		{948187AB-0FB9-4620-B1E1-531998D279D4}.Release|Any CPU.Build.0 = Release|Any CPU
		{CBBFC174-CE5B-4C44-B49C-6E1345F3AFDD}.Debug|Any CPU.ActiveCfg = Debug|Any CPU
		{CBBFC174-CE5B-4C44-B49C-6E1345F3AFDD}.Debug|Any CPU.Build.0 = Debug|Any CPU
		{CBBFC174-CE5B-4C44-B49C-6E1345F3AFDD}.Release|Any CPU.ActiveCfg = Release|Any CPU
		{CBBFC174-CE5B-4C44-B49C-6E1345F3AFDD}.Release|Any CPU.Build.0 = Release|Any CPU
		{2146567D-A884-45B2-821C-F7E200127A5E}.Debug|Any CPU.ActiveCfg = Debug|Any CPU
		{2146567D-A884-45B2-821C-F7E200127A5E}.Debug|Any CPU.Build.0 = Debug|Any CPU
		{2146567D-A884-45B2-821C-F7E200127A5E}.Release|Any CPU.ActiveCfg = Release|Any CPU
		{2146567D-A884-45B2-821C-F7E200127A5E}.Release|Any CPU.Build.0 = Release|Any CPU
	EndGlobalSection
	GlobalSection(SolutionProperties) = preSolution
		HideSolutionNode = FALSE
	EndGlobalSection
	GlobalSection(NestedProjects) = preSolution
		{7781DB8A-6156-4949-AE6C-D688278112E8} = {A300C2C9-EAD0-457C-935A-C4A36ABFFC8B}
		{FC30CC70-0898-4B7B-B393-39960CA5EB6E} = {7781DB8A-6156-4949-AE6C-D688278112E8}
		{C09807B4-A632-48EE-9F6A-8AE8591D3B65} = {7781DB8A-6156-4949-AE6C-D688278112E8}
		{FB88C1DE-66AF-4664-9ABB-CD75E7B3A684} = {7781DB8A-6156-4949-AE6C-D688278112E8}
		{DC99C5BE-62D1-49E9-9C6A-7D532EED8E51} = {7781DB8A-6156-4949-AE6C-D688278112E8}
		{88CDB485-5BF7-43EA-892C-A61FA8932A45} = {7781DB8A-6156-4949-AE6C-D688278112E8}
		{172DA99D-7185-4D7F-824B-6FF836CCD514} = {73085A00-D3BD-4B70-9BFA-D02D0CB6BAAE}
		{53977C70-C598-400D-BE10-8691C72960BC} = {A300C2C9-EAD0-457C-935A-C4A36ABFFC8B}
		{354B6219-E7D2-442B-AE8F-6F32FA35F0AF} = {53977C70-C598-400D-BE10-8691C72960BC}
		{64B40C3E-73CD-4DF2-AD43-73CD7A397F30} = {53977C70-C598-400D-BE10-8691C72960BC}
		{7416E2CC-6C66-46DA-9C09-59D7FB6F0B54} = {A300C2C9-EAD0-457C-935A-C4A36ABFFC8B}
		{14D64207-7DC6-4CAE-8192-8E19962D4545} = {7416E2CC-6C66-46DA-9C09-59D7FB6F0B54}
		{948187AB-0FB9-4620-B1E1-531998D279D4} = {7416E2CC-6C66-46DA-9C09-59D7FB6F0B54}
		{CBBFC174-CE5B-4C44-B49C-6E1345F3AFDD} = {7416E2CC-6C66-46DA-9C09-59D7FB6F0B54}
		{2146567D-A884-45B2-821C-F7E200127A5E} = {7416E2CC-6C66-46DA-9C09-59D7FB6F0B54}
	EndGlobalSection
EndGlobal
