
Microsoft Visual Studio Solution File, Format Version 12.00
# Visual Studio 15
VisualStudioVersion = 15.0.26403.7
MinimumVisualStudioVersion = 10.0.40219.1
Project("{2150E333-8FDC-42A3-9474-1A3956D46DE8}") = "Solution Items", "Solution Items", "{0384552C-7234-43CB-AF10-5F34AC0CBD31}"
	ProjectSection(SolutionItems) = preProject
		.gitignore = .gitignore
		LICENSE.md = LICENSE.md
		README.md = README.md
	EndProjectSection
EndProject
Project("{2150E333-8FDC-42A3-9474-1A3956D46DE8}") = "src", "src", "{A300C2C9-EAD0-457C-935A-C4A36ABFFC8B}"
EndProject
Project("{2150E333-8FDC-42A3-9474-1A3956D46DE8}") = "Common", "Common", "{7781DB8A-6156-4949-AE6C-D688278112E8}"
EndProject
Project("{FAE04EC0-301F-11D3-BF4B-00C04F79EFBC}") = "Lykke.ApiAuth", "src\Lykke.ApiAuth\Lykke.ApiAuth.csproj", "{FC30CC70-0898-4B7B-B393-39960CA5EB6E}"
EndProject
Project("{FAE04EC0-301F-11D3-BF4B-00C04F79EFBC}") = "Lykke.ApiAuth.Azure", "src\Lykke.ApiAuth.Azure\Lykke.ApiAuth.Azure.csproj", "{C09807B4-A632-48EE-9F6A-8AE8591D3B65}"
EndProject
Project("{FAE04EC0-301F-11D3-BF4B-00C04F79EFBC}") = "Lykke.ApiAuth.Mvc", "src\Lykke.ApiAuth.Mvc\Lykke.ApiAuth.Mvc.csproj", "{FB88C1DE-66AF-4664-9ABB-CD75E7B3A684}"
EndProject
Project("{FAE04EC0-301F-11D3-BF4B-00C04F79EFBC}") = "Lykke.Extensions", "src\Lykke.Extensions\Lykke.Extensions.csproj", "{DC99C5BE-62D1-49E9-9C6A-7D532EED8E51}"
EndProject
Project("{2150E333-8FDC-42A3-9474-1A3956D46DE8}") = "Assets", "Assets", "{5789FE1A-588F-480A-86DC-87F2E859FC75}"
EndProject
Project("{FAE04EC0-301F-11D3-BF4B-00C04F79EFBC}") = "Lykke.Assets", "src\Lykke.Assets\Lykke.Assets.csproj", "{D186C2F2-497D-438A-8BAF-4E698188FC7B}"
EndProject
Project("{FAE04EC0-301F-11D3-BF4B-00C04F79EFBC}") = "Lykke.Assets.Azure", "src\Lykke.Assets.Azure\Lykke.Assets.Azure.csproj", "{B79D78A3-5D74-4A1A-BE5D-54D96A03B472}"
EndProject
Project("{FAE04EC0-301F-11D3-BF4B-00C04F79EFBC}") = "Lykke.Assets.Host", "src\Lykke.Assets.Host\Lykke.Assets.Host.csproj", "{6D535272-F49F-4EF0-9F03-CFB14061F6A8}"
EndProject
Project("{FAE04EC0-301F-11D3-BF4B-00C04F79EFBC}") = "Lykke.Assets.Client", "src\Lykke.Assets.Client\Lykke.Assets.Client.csproj", "{1CD6BB36-DCC4-48FF-89AE-0A5D11803E32}"
EndProject
Project("{9A19103F-16F7-4668-BE54-9A1E7A4F7556}") = "Lykke.Http", "src\Lykke.Http\Lykke.Http.csproj", "{88CDB485-5BF7-43EA-892C-A61FA8932A45}"
EndProject
Project("{2150E333-8FDC-42A3-9474-1A3956D46DE8}") = "test", "test", "{73085A00-D3BD-4B70-9BFA-D02D0CB6BAAE}"
EndProject
Project("{FAE04EC0-301F-11D3-BF4B-00C04F79EFBC}") = "Lykke.Assets.ExampleUsage", "test\Lykke.Assets.ExampleUsage\Lykke.Assets.ExampleUsage.csproj", "{172DA99D-7185-4D7F-824B-6FF836CCD514}"
EndProject
Global
	GlobalSection(SolutionConfigurationPlatforms) = preSolution
		Debug|Any CPU = Debug|Any CPU
		Release|Any CPU = Release|Any CPU
	EndGlobalSection
	GlobalSection(ProjectConfigurationPlatforms) = postSolution
		{FC30CC70-0898-4B7B-B393-39960CA5EB6E}.Debug|Any CPU.ActiveCfg = Debug|Any CPU
		{FC30CC70-0898-4B7B-B393-39960CA5EB6E}.Debug|Any CPU.Build.0 = Debug|Any CPU
		{FC30CC70-0898-4B7B-B393-39960CA5EB6E}.Release|Any CPU.ActiveCfg = Release|Any CPU
		{FC30CC70-0898-4B7B-B393-39960CA5EB6E}.Release|Any CPU.Build.0 = Release|Any CPU
		{C09807B4-A632-48EE-9F6A-8AE8591D3B65}.Debug|Any CPU.ActiveCfg = Debug|Any CPU
		{C09807B4-A632-48EE-9F6A-8AE8591D3B65}.Debug|Any CPU.Build.0 = Debug|Any CPU
		{C09807B4-A632-48EE-9F6A-8AE8591D3B65}.Release|Any CPU.ActiveCfg = Release|Any CPU
		{C09807B4-A632-48EE-9F6A-8AE8591D3B65}.Release|Any CPU.Build.0 = Release|Any CPU
		{FB88C1DE-66AF-4664-9ABB-CD75E7B3A684}.Debug|Any CPU.ActiveCfg = Debug|Any CPU
		{FB88C1DE-66AF-4664-9ABB-CD75E7B3A684}.Debug|Any CPU.Build.0 = Debug|Any CPU
		{FB88C1DE-66AF-4664-9ABB-CD75E7B3A684}.Release|Any CPU.ActiveCfg = Release|Any CPU
		{FB88C1DE-66AF-4664-9ABB-CD75E7B3A684}.Release|Any CPU.Build.0 = Release|Any CPU
		{DC99C5BE-62D1-49E9-9C6A-7D532EED8E51}.Debug|Any CPU.ActiveCfg = Debug|Any CPU
		{DC99C5BE-62D1-49E9-9C6A-7D532EED8E51}.Debug|Any CPU.Build.0 = Debug|Any CPU
		{DC99C5BE-62D1-49E9-9C6A-7D532EED8E51}.Release|Any CPU.ActiveCfg = Release|Any CPU
		{DC99C5BE-62D1-49E9-9C6A-7D532EED8E51}.Release|Any CPU.Build.0 = Release|Any CPU
		{D186C2F2-497D-438A-8BAF-4E698188FC7B}.Debug|Any CPU.ActiveCfg = Debug|Any CPU
		{D186C2F2-497D-438A-8BAF-4E698188FC7B}.Debug|Any CPU.Build.0 = Debug|Any CPU
		{D186C2F2-497D-438A-8BAF-4E698188FC7B}.Release|Any CPU.ActiveCfg = Release|Any CPU
		{D186C2F2-497D-438A-8BAF-4E698188FC7B}.Release|Any CPU.Build.0 = Release|Any CPU
		{B79D78A3-5D74-4A1A-BE5D-54D96A03B472}.Debug|Any CPU.ActiveCfg = Debug|Any CPU
		{B79D78A3-5D74-4A1A-BE5D-54D96A03B472}.Debug|Any CPU.Build.0 = Debug|Any CPU
		{B79D78A3-5D74-4A1A-BE5D-54D96A03B472}.Release|Any CPU.ActiveCfg = Release|Any CPU
		{B79D78A3-5D74-4A1A-BE5D-54D96A03B472}.Release|Any CPU.Build.0 = Release|Any CPU
		{6D535272-F49F-4EF0-9F03-CFB14061F6A8}.Debug|Any CPU.ActiveCfg = Debug|Any CPU
		{6D535272-F49F-4EF0-9F03-CFB14061F6A8}.Debug|Any CPU.Build.0 = Debug|Any CPU
		{6D535272-F49F-4EF0-9F03-CFB14061F6A8}.Release|Any CPU.ActiveCfg = Release|Any CPU
		{6D535272-F49F-4EF0-9F03-CFB14061F6A8}.Release|Any CPU.Build.0 = Release|Any CPU
		{1CD6BB36-DCC4-48FF-89AE-0A5D11803E32}.Debug|Any CPU.ActiveCfg = Debug|Any CPU
		{1CD6BB36-DCC4-48FF-89AE-0A5D11803E32}.Debug|Any CPU.Build.0 = Debug|Any CPU
		{1CD6BB36-DCC4-48FF-89AE-0A5D11803E32}.Release|Any CPU.ActiveCfg = Release|Any CPU
		{1CD6BB36-DCC4-48FF-89AE-0A5D11803E32}.Release|Any CPU.Build.0 = Release|Any CPU
		{88CDB485-5BF7-43EA-892C-A61FA8932A45}.Debug|Any CPU.ActiveCfg = Debug|Any CPU
		{88CDB485-5BF7-43EA-892C-A61FA8932A45}.Debug|Any CPU.Build.0 = Debug|Any CPU
		{88CDB485-5BF7-43EA-892C-A61FA8932A45}.Release|Any CPU.ActiveCfg = Release|Any CPU
		{88CDB485-5BF7-43EA-892C-A61FA8932A45}.Release|Any CPU.Build.0 = Release|Any CPU
		{172DA99D-7185-4D7F-824B-6FF836CCD514}.Debug|Any CPU.ActiveCfg = Debug|Any CPU
		{172DA99D-7185-4D7F-824B-6FF836CCD514}.Debug|Any CPU.Build.0 = Debug|Any CPU
		{172DA99D-7185-4D7F-824B-6FF836CCD514}.Release|Any CPU.ActiveCfg = Release|Any CPU
		{172DA99D-7185-4D7F-824B-6FF836CCD514}.Release|Any CPU.Build.0 = Release|Any CPU
	EndGlobalSection
	GlobalSection(SolutionProperties) = preSolution
		HideSolutionNode = FALSE
	EndGlobalSection
	GlobalSection(NestedProjects) = preSolution
		{7781DB8A-6156-4949-AE6C-D688278112E8} = {A300C2C9-EAD0-457C-935A-C4A36ABFFC8B}
		{FC30CC70-0898-4B7B-B393-39960CA5EB6E} = {7781DB8A-6156-4949-AE6C-D688278112E8}
		{C09807B4-A632-48EE-9F6A-8AE8591D3B65} = {7781DB8A-6156-4949-AE6C-D688278112E8}
		{FB88C1DE-66AF-4664-9ABB-CD75E7B3A684} = {7781DB8A-6156-4949-AE6C-D688278112E8}
		{DC99C5BE-62D1-49E9-9C6A-7D532EED8E51} = {7781DB8A-6156-4949-AE6C-D688278112E8}
		{5789FE1A-588F-480A-86DC-87F2E859FC75} = {A300C2C9-EAD0-457C-935A-C4A36ABFFC8B}
		{D186C2F2-497D-438A-8BAF-4E698188FC7B} = {5789FE1A-588F-480A-86DC-87F2E859FC75}
		{B79D78A3-5D74-4A1A-BE5D-54D96A03B472} = {5789FE1A-588F-480A-86DC-87F2E859FC75}
		{6D535272-F49F-4EF0-9F03-CFB14061F6A8} = {5789FE1A-588F-480A-86DC-87F2E859FC75}
		{1CD6BB36-DCC4-48FF-89AE-0A5D11803E32} = {5789FE1A-588F-480A-86DC-87F2E859FC75}
		{88CDB485-5BF7-43EA-892C-A61FA8932A45} = {7781DB8A-6156-4949-AE6C-D688278112E8}
		{172DA99D-7185-4D7F-824B-6FF836CCD514} = {73085A00-D3BD-4B70-9BFA-D02D0CB6BAAE}
	EndGlobalSection
EndGlobal
