
Microsoft Visual Studio Solution File, Format Version 12.00
# Visual Studio 15
VisualStudioVersion = 15.0.26430.4
MinimumVisualStudioVersion = 15.0.0.0
Project("{2150E333-8FDC-42A3-9474-1A3956D46DE8}") = "src", "src", "{A300C2C9-EAD0-457C-935A-C4A36ABFFC5B}"
EndProject
Project("{FAE04EC0-301F-11D3-BF4B-00C04F79EFBC}") = "Lykke.Template.Abstractions", "src\Lykke.Template.Abstractions\Lykke.Template.Abstractions.csproj", "{14D64207-7DC6-4CAE-8192-8E19962D4545}"
EndProject
Project("{FAE04EC0-301F-11D3-BF4B-00C04F79EFBC}") = "Lykke.Template.Azure", "src\Lykke.Template.Azure\Lykke.Template.Azure.csproj", "{2146567D-A884-45B2-821C-F7E200127A5E}"
EndProject
Project("{FAE04EC0-301F-11D3-BF4B-00C04F79EFBC}") = "Lykke.Template.WebApi", "src\Lykke.Template.WebApi\Lykke.Template.WebApi.csproj", "{948187AB-0FB9-4620-B1E1-531998D279D4}"
EndProject
Project("{FAE04EC0-301F-11D3-BF4B-00C04F79EFBC}") = "Lykke.Template.WebClient", "src\Lykke.Template.WebClient\Lykke.Template.WebClient.csproj", "{CBBFC174-CE5B-4C44-B49C-6E1345F3AFDD}"
EndProject
Global
	GlobalSection(SolutionConfigurationPlatforms) = preSolution
		Debug|Any CPU = Debug|Any CPU
		Release|Any CPU = Release|Any CPU
	EndGlobalSection
	GlobalSection(ProjectConfigurationPlatforms) = postSolution
		{14D64207-7DC6-4CAE-8192-8E19962D4545}.Debug|Any CPU.ActiveCfg = Debug|Any CPU
		{14D64207-7DC6-4CAE-8192-8E19962D4545}.Debug|Any CPU.Build.0 = Debug|Any CPU
		{14D64207-7DC6-4CAE-8192-8E19962D4545}.Release|Any CPU.ActiveCfg = Release|Any CPU
		{14D64207-7DC6-4CAE-8192-8E19962D4545}.Release|Any CPU.Build.0 = Release|Any CPU
		{2146567D-A884-45B2-821C-F7E200127A5E}.Debug|Any CPU.ActiveCfg = Debug|Any CPU
		{2146567D-A884-45B2-821C-F7E200127A5E}.Debug|Any CPU.Build.0 = Debug|Any CPU
		{2146567D-A884-45B2-821C-F7E200127A5E}.Release|Any CPU.ActiveCfg = Release|Any CPU
		{2146567D-A884-45B2-821C-F7E200127A5E}.Release|Any CPU.Build.0 = Release|Any CPU
		{948187AB-0FB9-4620-B1E1-531998D279D4}.Debug|Any CPU.ActiveCfg = Debug|Any CPU
		{948187AB-0FB9-4620-B1E1-531998D279D4}.Debug|Any CPU.Build.0 = Debug|Any CPU
		{948187AB-0FB9-4620-B1E1-531998D279D4}.Release|Any CPU.ActiveCfg = Release|Any CPU
		{948187AB-0FB9-4620-B1E1-531998D279D4}.Release|Any CPU.Build.0 = Release|Any CPU
		{CBBFC174-CE5B-4C44-B49C-6E1345F3AFDD}.Debug|Any CPU.ActiveCfg = Debug|Any CPU
		{CBBFC174-CE5B-4C44-B49C-6E1345F3AFDD}.Debug|Any CPU.Build.0 = Debug|Any CPU
		{CBBFC174-CE5B-4C44-B49C-6E1345F3AFDD}.Release|Any CPU.ActiveCfg = Release|Any CPU
		{CBBFC174-CE5B-4C44-B49C-6E1345F3AFDD}.Release|Any CPU.Build.0 = Release|Any CPU
	EndGlobalSection
	GlobalSection(SolutionProperties) = preSolution
		HideSolutionNode = FALSE
	EndGlobalSection
	GlobalSection(NestedProjects) = preSolution
		{14D64207-7DC6-4CAE-8192-8E19962D4545} = {A300C2C9-EAD0-457C-935A-C4A36ABFFC5B}
		{2146567D-A884-45B2-821C-F7E200127A5E} = {A300C2C9-EAD0-457C-935A-C4A36ABFFC5B}
		{948187AB-0FB9-4620-B1E1-531998D279D4} = {A300C2C9-EAD0-457C-935A-C4A36ABFFC5B}
		{CBBFC174-CE5B-4C44-B49C-6E1345F3AFDD} = {A300C2C9-EAD0-457C-935A-C4A36ABFFC5B}
	EndGlobalSection
EndGlobal
